
Microsoft Visual Studio Solution File, Format Version 12.00
# Visual Studio Version 17
VisualStudioVersion = 17.1.32328.378
MinimumVisualStudioVersion = 10.0.40219.1
Project("{8BC9CEB8-8B4A-11D0-8D11-00A0C91BC942}") = "dircetpp1", "dircetpp1\dircetpp1.vcxproj", "{B4608274-F02B-4EE1-A0D5-2938CA6C70FA}"
EndProject
Project("{8BC9CEB8-8B4A-11D0-8D11-00A0C91BC942}") = "Engine", "Engine\Engine.vcxproj", "{468AE23F-56E6-4A26-947B-87674DA89E1C}"
EndProject
Global
	GlobalSection(SolutionConfigurationPlatforms) = preSolution
		Debug|x64 = Debug|x64
		Debug|x86 = Debug|x86
		Release|x64 = Release|x64
		Release|x86 = Release|x86
	EndGlobalSection
	GlobalSection(ProjectConfigurationPlatforms) = postSolution
		{B4608274-F02B-4EE1-A0D5-2938CA6C70FA}.Debug|x64.ActiveCfg = Debug|x64
		{B4608274-F02B-4EE1-A0D5-2938CA6C70FA}.Debug|x64.Build.0 = Debug|x64
		{B4608274-F02B-4EE1-A0D5-2938CA6C70FA}.Debug|x86.ActiveCfg = Debug|Win32
		{B4608274-F02B-4EE1-A0D5-2938CA6C70FA}.Debug|x86.Build.0 = Debug|Win32
		{B4608274-F02B-4EE1-A0D5-2938CA6C70FA}.Release|x64.ActiveCfg = Release|x64
		{B4608274-F02B-4EE1-A0D5-2938CA6C70FA}.Release|x64.Build.0 = Release|x64
		{B4608274-F02B-4EE1-A0D5-2938CA6C70FA}.Release|x86.ActiveCfg = Release|Win32
		{B4608274-F02B-4EE1-A0D5-2938CA6C70FA}.Release|x86.Build.0 = Release|Win32
		{468AE23F-56E6-4A26-947B-87674DA89E1C}.Debug|x64.ActiveCfg = Debug|x64
		{468AE23F-56E6-4A26-947B-87674DA89E1C}.Debug|x64.Build.0 = Debug|x64
		{468AE23F-56E6-4A26-947B-87674DA89E1C}.Debug|x86.ActiveCfg = Debug|Win32
		{468AE23F-56E6-4A26-947B-87674DA89E1C}.Debug|x86.Build.0 = Debug|Win32
		{468AE23F-56E6-4A26-947B-87674DA89E1C}.Release|x64.ActiveCfg = Release|x64
		{468AE23F-56E6-4A26-947B-87674DA89E1C}.Release|x64.Build.0 = Release|x64
		{468AE23F-56E6-4A26-947B-87674DA89E1C}.Release|x86.ActiveCfg = Release|Win32
		{468AE23F-56E6-4A26-947B-87674DA89E1C}.Release|x86.Build.0 = Release|Win32
	EndGlobalSection
	GlobalSection(SolutionProperties) = preSolution
		HideSolutionNode = FALSE
	EndGlobalSection
	GlobalSection(ExtensibilityGlobals) = postSolution
		SolutionGuid = {4B0BBC93-0AE5-43C8-9FF5-901DCF6A54AC}
	EndGlobalSection
EndGlobal
